
Microsoft Visual Studio Solution File, Format Version 12.00
# Visual Studio Version 16
VisualStudioVersion = 16.0.29728.190
MinimumVisualStudioVersion = 10.0.40219.1
Project("{FAE04EC0-301F-11D3-BF4B-00C04F79EFBC}") = "Chapter-7", "Chapter-7\Chapter-7.csproj", "{7A13F6D0-3F32-4AF7-BFD8-00160646F435}"
EndProject
Global
	GlobalSection(SolutionConfigurationPlatforms) = preSolution
		Debug|Any CPU = Debug|Any CPU
		Release|Any CPU = Release|Any CPU
	EndGlobalSection
	GlobalSection(ProjectConfigurationPlatforms) = postSolution
		{7A13F6D0-3F32-4AF7-BFD8-00160646F435}.Debug|Any CPU.ActiveCfg = Debug|Any CPU
		{7A13F6D0-3F32-4AF7-BFD8-00160646F435}.Debug|Any CPU.Build.0 = Debug|Any CPU
		{7A13F6D0-3F32-4AF7-BFD8-00160646F435}.Release|Any CPU.ActiveCfg = Release|Any CPU
		{7A13F6D0-3F32-4AF7-BFD8-00160646F435}.Release|Any CPU.Build.0 = Release|Any CPU
	EndGlobalSection
	GlobalSection(SolutionProperties) = preSolution
		HideSolutionNode = FALSE
	EndGlobalSection
	GlobalSection(ExtensibilityGlobals) = postSolution
		SolutionGuid = {E5B7E731-F51A-40CC-AE67-0CEF7AF5B65F}
	EndGlobalSection
EndGlobal
